lockfileVersion: '9.0'

settings:
  autoInstallPeers: true
  excludeLinksFromLockfile: false

importers:

  .:
    dependencies:
      '@audreylopez/dom-conflict-scout':
        specifier: ^1.0.2
        version: 1.0.2
    devDependencies:
      jsdom:
        specifier: ^29.1.1
        version: 29.1.1
      puppeteer-core:
        specifier: ^25.1.0
        version: 25.1.0

packages:

  '@asamuzakjp/css-color@5.1.11':
    resolution: {integrity: sha512-KVw6qIiCTUQhByfTd78h2yD1/00waTmm9uy/R7Ck/ctUyAPj+AEDLkQIdJW0T8+qGgj3j5bpNKK7Q3G+LedJWg==}
    engines: {node: ^20.19.0 || ^22.12.0 || >=24.0.0}

  '@asamuzakjp/dom-selector@7.1.1':
    resolution: {integrity: sha512-67RZDnYRc8H/8MLDgQCDE//zoqVFwajkepHZgmXrbwybzXOEwOWGPYGmALYl9J2DOLfFPPs6kKCqmbzV895hTQ==}
    engines: {node: ^20.19.0 || ^22.12.0 || >=24.0.0}

  '@asamuzakjp/generational-cache@1.0.1':
    resolution: {integrity: sha512-wajfB8KqzMCN2KGNFdLkReeHncd0AslUSrvHVvvYWuU8ghncRJoA50kT3zP9MVL0+9g4/67H+cdvBskj9THPzg==}
    engines: {node: ^20.19.0 || ^22.12.0 || >=24.0.0}

  '@asamuzakjp/nwsapi@2.3.9':
    resolution: {integrity: sha512-n8GuYSrI9bF7FFZ/SjhwevlHc8xaVlb/7HmHelnc/PZXBD2ZR49NnN9sMMuDdEGPeeRQ5d0hqlSlEpgCX3Wl0Q==}

  '@audreylopez/dom-conflict-scout@1.0.2':
    resolution: {integrity: sha512-wBkD1+N3gl4dfR3LEFbPUhj/Dy1gNBAegdQTg+BGqEKxrTVp2ZSpGKooblbFs3AvMatNiPrVvYwOlmb9amR3rA==}

  '@bramus/specificity@2.4.2':
    resolution: {integrity: sha512-ctxtJ/eA+t+6q2++vj5j7FYX3nRu311q1wfYH3xjlLOsczhlhxAg2FWNUXhpGvAw3BWo1xBcvOV6/YLc2r5FJw==}
    hasBin: true

  '@csstools/color-helpers@6.0.2':
    resolution: {integrity: sha512-LMGQLS9EuADloEFkcTBR3BwV/CGHV7zyDxVRtVDTwdI2Ca4it0CCVTT9wCkxSgokjE5Ho41hEPgb8OEUwoXr6Q==}
    engines: {node: '>=20.19.0'}

  '@csstools/css-calc@3.2.1':
    resolution: {integrity: sha512-DtdHlgXh5ZkA43cwBcAm+huzgJiwx3ZTWVjBs94kwz2xKqSimDA3lBgCjphYgwgVUMWatSM0pDd8TILB1yrVVg==}
    engines: {node: '>=20.19.0'}
    peerDependencies:
      '@csstools/css-parser-algorithms': ^4.0.0
      '@csstools/css-tokenizer': ^4.0.0

  '@csstools/css-color-parser@4.1.1':
    resolution: {integrity: sha512-eZ5XOtyhK+mggRafYUWzA0tvaYOFgdY8AkgQiCJF9qNAePnUo/zmsqqYubBBb3sQ8uNUaSKTY9s9klfRaAXL0g==}
    engines: {node: '>=20.19.0'}
    peerDependencies:
      '@csstools/css-parser-algorithms': ^4.0.0
      '@csstools/css-tokenizer': ^4.0.0

  '@csstools/css-parser-algorithms@4.0.0':
    resolution: {integrity: sha512-+B87qS7fIG3L5h3qwJ/IFbjoVoOe/bpOdh9hAjXbvx0o8ImEmUsGXN0inFOnk2ChCFgqkkGFQ+TpM5rbhkKe4w==}
    engines: {node: '>=20.19.0'}
    peerDependencies:
      '@csstools/css-tokenizer': ^4.0.0

  '@csstools/css-syntax-patches-for-csstree@1.1.4':
    resolution: {integrity: sha512-wgsqt92b7C7tQhIdPNxj0n9zuUbQlvAuI1exyzeNrOKOi62SD7ren8zqszmpVREjAOqg8cD2FqYhQfAuKjk4sw==}
    peerDependencies:
      css-tree: ^3.2.1
    peerDependenciesMeta:
      css-tree:
        optional: true

  '@csstools/css-tokenizer@4.0.0':
    resolution: {integrity: sha512-QxULHAm7cNu72w97JUNCBFODFaXpbDg+dP8b/oWFAZ2MTRppA3U00Y2L1HqaS4J6yBqxwa/Y3nMBaxVKbB/NsA==}
    engines: {node: '>=20.19.0'}

  '@exodus/bytes@1.15.1':
    resolution: {integrity: sha512-S6mL0yNB/Abt9Ei4tq8gDhcczc4S3+vQ4ra7vxnAf+YHC02srtqxKKZghx2Dq6p0e66THKwR6r8N6P95wEty7Q==}
    engines: {node: ^20.19.0 || ^22.12.0 || >=24.0.0}
    peerDependencies:
      '@noble/hashes': ^1.8.0 || ^2.0.0
    peerDependenciesMeta:
      '@noble/hashes':
        optional: true

  '@puppeteer/browsers@3.0.4':
    resolution: {integrity: sha512-HGM8iAmGTf+Y7t0373szVbTmt3d7vPkYL/1bpOkOFO0YUYLgSeuYBCzESklogNPvOBnZ/MRD5f07OkpqH1trtA==}
    engines: {node: '>=22.12.0'}
    hasBin: true
    peerDependencies:
      proxy-agent: '>=8.0.1'
    peerDependenciesMeta:
      proxy-agent:
        optional: true

  ansi-regex@5.0.1:
    resolution: {integrity: sha512-quJQXlTSUGL2LH9SUXo8VwsY4soanhgo6LNSm84E1LBcE8s3O0wpdiRzyR9z/ZZJMlMWv37qOOb9pdJlMUEKFQ==}
    engines: {node: '>=8'}

  ansi-styles@4.3.0:
    resolution: {integrity: sha512-zbB9rCJAT1rbjiVDb2hqKFHNYLxgtk8NURxZ3IZwD3F6NtxbXZQCnnSi1Lkx+IDohdPlFp222wVALIheZJQSEg==}
    engines: {node: '>=8'}

  bidi-js@1.0.3:
    resolution: {integrity: sha512-RKshQI1R3YQ+n9YJz2QQ147P66ELpa1FQEg20Dk8oW9t2KgLbpDLLp9aGZ7y8WHSshDknG0bknqGw5/tyCs5tw==}

  chromium-bidi@16.0.1:
    resolution: {integrity: sha512-J63PGu/9PpeCwLIcKYyzWP6yaVL5pxuBc0shlYCYM8BaAkmlwiQboXO1iNbOgSDbVklEyYFfNEcHD8oOAWacUA==}
    engines: {node: '>=20.19.0 <22.0.0 || >=22.12.0'}
    peerDependencies:
      devtools-protocol: '*'

  cliui@8.0.1:
    resolution: {integrity: sha512-BSeNnyus75C4//NQ9gQt1/csTXyo/8Sb+afLAkzAptFuMsod9HFokGNudZpi/oQV73hnVK+sR+5PVRMd+Dr7YQ==}
    engines: {node: '>=12'}

  color-convert@2.0.1:
    resolution: {integrity: sha512-RRECPsj7iu/xb5oKYcsFHSppFNnsj/52OVTRKb4zP5onXwVF3zVmmToNcOfGC+CRDpfK/U584fMg38ZHCaElKQ==}
    engines: {node: '>=7.0.0'}

  color-name@1.1.4:
    resolution: {integrity: sha512-dOy+3AuW3a2wNbZHIuMZpTcgjGuLU/uBL/ubcZF9OXbDo8ff4O8yVp5Bf0efS8uEoYo5q4Fx7dY9OgQGXgAsQA==}

  css-tree@3.2.1:
    resolution: {integrity: sha512-X7sjQzceUhu1u7Y/ylrRZFU2FS6LRiFVp6rKLPg23y3x3c3DOKAwuXGDp+PAGjh6CSnCjYeAul8pcT8bAl+lSA==}
    engines: {node: ^10 || ^12.20.0 || ^14.13.0 || >=15.0.0}

  data-urls@7.0.0:
    resolution: {integrity: sha512-23XHcCF+coGYevirZceTVD7NdJOqVn+49IHyxgszm+JIiHLoB2TkmPtsYkNWT1pvRSGkc35L6NHs0yHkN2SumA==}
    engines: {node: ^20.19.0 || ^22.12.0 || >=24.0.0}

  decimal.js@10.6.0:
    resolution: {integrity: sha512-YpgQiITW3JXGntzdUmyUR1V812Hn8T1YVXhCu+wO3OpS4eU9l4YdD3qjyiKdV6mvV29zapkMeD390UVEf2lkUg==}

  devtools-protocol@0.0.1624250:
    resolution: {integrity: sha512-YFAat/lOiIk0ARmBweG+ygrEcbZrq5B9urRyUoeQKp53MlidHXE2TmTbxKcaXoQj7u/aX+jebDO4BW55rs0WwA==}

  emoji-regex@8.0.0:
    resolution: {integrity: sha512-MSjYzcWNOA0ewAHpz0MxpYFvwg6yjy1NG3xteoqz644VCo/RPgnr1/GGt+ic3iJTzQ8Eu3TdM14SawnVUmGE6A==}

  entities@8.0.0:
    resolution: {integrity: sha512-zwfzJecQ/Uej6tusMqwAqU/6KL2XaB2VZ2Jg54Je6ahNBGNH6Ek6g3jjNCF0fG9EWQKGZNddNjU5F1ZQn/sBnA==}
    engines: {node: '>=20.19.0'}

  escalade@3.2.0:
    resolution: {integrity: sha512-WUj2qlxaQtO4g6Pq5c29GTcWGDyd8itL8zTlipgECz3JesAiiOKotd8JU6otB3PACgG6xkJUyVhboMS+bje/jA==}
    engines: {node: '>=6'}

  get-caller-file@2.0.5:
    resolution: {integrity: sha512-DyFP3BM/3YHTQOCUL/w0OZHR0lpKeGrxotcHWcqNEdnltqFwXVfhEBQ94eIo34AfQpo0rGki4cyIiftY06h2Fg==}
    engines: {node: 6.* || 8.* || >= 10.*}

  html-encoding-sniffer@6.0.0:
    resolution: {integrity: sha512-CV9TW3Y3f8/wT0BRFc1/KAVQ3TUHiXmaAb6VW9vtiMFf7SLoMd1PdAc4W3KFOFETBJUb90KatHqlsZMWV+R9Gg==}
    engines: {node: ^20.19.0 || ^22.12.0 || >=24.0.0}

  is-fullwidth-code-point@3.0.0:
    resolution: {integrity: sha512-zymm5+u+sCsSWyD9qNaejV3DFvhCKclKdizYaJUuHA83RLjb7nSuGnddCHGv0hk+KY7BMAlsWeK4Ueg6EV6XQg==}
    engines: {node: '>=8'}

  is-potential-custom-element-name@1.0.1:
    resolution: {integrity: sha512-bCYeRA2rVibKZd+s2625gGnGF/t7DSqDs4dP7CrLA1m7jKWz6pps0LpYLJN8Q64HtmPKJ1hrN3nzPNKFEKOUiQ==}

  jsdom@29.1.1:
    resolution: {integrity: sha512-ECi4Fi2f7BdJtUKTflYRTiaMxIB0O6zfR1fX0GXpUrf6flp8QIYn1UT20YQqdSOfk2dfkCwS8LAFoJDEppNK5Q==}
    engines: {node: ^20.19.0 || ^22.13.0 || >=24.0.0}
    peerDependencies:
      canvas: ^3.0.0
    peerDependenciesMeta:
      canvas:
        optional: true

  lru-cache@11.5.1:
    resolution: {integrity: sha512-RPimw/7aMdv2oqRrxKwvZXcPfwBrn/JZ2xYcY9Hus/6LaS3VOAKVWKWgNLCFSiOm1ESXinjsDlidVU7JlnCN2A==}
    engines: {node: 20 || >=22}

  mdn-data@2.27.1:
    resolution: {integrity: sha512-9Yubnt3e8A0OKwxYSXyhLymGW4sCufcLG6VdiDdUGVkPhpqLxlvP5vl1983gQjJl3tqbrM731mjaZaP68AgosQ==}

  mitt@3.0.1:
    resolution: {integrity: sha512-vKivATfr97l2/QBCYAkXYDbrIWPM2IIKEl7YPhjCvKlG3kE2gm+uBo6nEXK3M5/Ffh/FLpKExzOQ3JJoJGFKBw==}

  modern-tar@0.7.6:
    resolution: {integrity: sha512-sweCIVXzx1aIGTCdzcMlSZt1h8k5Tmk08VNAuRk3IU28XamGiOH5ypi11g6De2CH7PhYqSSnGy2A/EFhbWnVKg==}
    engines: {node: '>=18.0.0'}

  parse5@8.0.1:
    resolution: {integrity: sha512-z1e/HMG90obSGeidlli3hj7cbocou0/wa5HacvI3ASx34PecNjNQeaHNo5WIZpWofN9kgkqV1q5YvXe3F0FoPw==}

  punycode@2.3.1:
    resolution: {integrity: sha512-vYt7UD1U9Wg6138shLtLOvdAu+8DsC/ilFtEVHcH+wydcSpNE20AfSOduf6MkRFahL5FY7X1oU7nKVZFtfq8Fg==}
    engines: {node: '>=6'}

  puppeteer-core@25.1.0:
    resolution: {integrity: sha512-jKzy5y4WG6uNuFbTWgW1D7mqoT9o0nllc/6a1DGF775T1mPmgw3scdFEtEq67yVFikavQmbYq6NLfbTfxHSlqQ==}
    engines: {node: '>=22.12.0'}

  require-directory@2.1.1:
    resolution: {integrity: sha512-fGxEI7+wsG9xrvdjsrlmL22OMTTiHRwAMroiEeMgq8gzoLC/PQr7RsRDSTLUg/bZAZtF+TVIkHc6/4RIKrui+Q==}
    engines: {node: '>=0.10.0'}

  require-from-string@2.0.2:
    resolution: {integrity: sha512-Xf0nWe6RseziFMu+Ap9biiUbmplq6S9/p+7w7YXP/JBHhrUDDUhwa+vANyubuqfZWTveU//DYVGsDG7RKL/vEw==}
    engines: {node: '>=0.10.0'}

  saxes@6.0.0:
    resolution: {integrity: sha512-xAg7SOnEhrm5zI3puOOKyy1OMcMlIJZYNJY7xLBwSze0UjhPLnWfj2GF2EpT0jmzaJKIWKHLsaSSajf35bcYnA==}
    engines: {node: '>=v12.22.7'}

  source-map-js@1.2.1:
    resolution: {integrity: sha512-UXWMKhLOwVKb728IUtQPXxfYU+usdybtUrK/8uGE8CQMvrhOpwvzDBwj0QhSL7MQc7vIsISBG8VQ8+IDQxpfQA==}
    engines: {node: '>=0.10.0'}

  string-width@4.2.3:
    resolution: {integrity: sha512-wKyQRQpjJ0sIp62ErSZdGsjMJWsap5oRNihHhu6G7JVO/9jIB6UyevL+tXuOqrng8j/cxKTWyWUwvSTriiZz/g==}
    engines: {node: '>=8'}

  strip-ansi@6.0.1:
    resolution: {integrity: sha512-Y38VPSHcqkFrCpFnQ9vuSXmquuv5oXOKpGeT6aGrr3o3Gc9AlVa6JBfUSOCnbxGGZF+/0ooI7KrPuUSztUdU5A==}
    engines: {node: '>=8'}

  symbol-tree@3.2.4:
    resolution: {integrity: sha512-9QNk5KwDF+Bvz+PyObkmSYjI5ksVUYtjW7AU22r2NKcfLJcXp96hkDWU3+XndOsUb+AQ9QhfzfCT2O+CNWT5Tw==}

  tldts-core@7.4.2:
    resolution: {integrity: sha512-nwEyF4vl4RSJjwSjBUmOSxc3BFPoIFdlRthJ6e+5v9P3bHNsoD06UjuqMUspqp7vsEZ1beaHi1km+optiE17yA==}

  tldts@7.4.2:
    resolution: {integrity: sha512-kCwffuaH8ntKtygnWe1b4BJKWiCUH30n5KfoTr6IchcXOwR7chAOFJxFrH3vjANafUYrIA4a7SDL+nn7SiR4Sw==}
    hasBin: true

  tough-cookie@6.0.1:
    resolution: {integrity: sha512-LktZQb3IeoUWB9lqR5EWTHgW/VTITCXg4D21M+lvybRVdylLrRMnqaIONLVb5mav8vM19m44HIcGq4qASeu2Qw==}
    engines: {node: '>=16'}

  tr46@6.0.0:
    resolution: {integrity: sha512-bLVMLPtstlZ4iMQHpFHTR7GAGj2jxi8Dg0s2h2MafAE4uSWF98FC/3MomU51iQAMf8/qDUbKWf5GxuvvVcXEhw==}
    engines: {node: '>=20'}

  typed-query-selector@2.12.2:
    resolution: {integrity: sha512-EOPFbyIub4ngnEdqi2yOcNeDLaX/0jcE1JoAXQDDMIthap7FoN795lc/SHfIq2d416VufXpM8z/lD+WRm2gfOQ==}

  undici@7.27.0:
    resolution: {integrity: sha512-+t2Z/GwkZQDtu00813aP66ygViGtPHKhhoFZpQKpKrE+9jIgES+Zw+mFNaDWOVRKiuJjuqKHzD3B1sfGg8+ZOQ==}
    engines: {node: '>=20.18.1'}

  w3c-xmlserializer@5.0.0:
    resolution: {integrity: sha512-o8qghlI8NZHU1lLPrpi2+Uq7abh4GGPpYANlalzWxyWteJOCsr/P+oPBA49TOLu5FTZO4d3F9MnWJfiMo4BkmA==}
    engines: {node: '>=18'}

  webdriver-bidi-protocol@0.4.2:
    resolution: {integrity: sha512-VSV+fzfChirL3e7jay2yUC7B4HQCGtEWEg/MSSQbK+qWbqeGlRLlXTzPpYr3XGUvbpDHumWZBJxgesg4N7dbtA==}

  webidl-conversions@8.0.1:
    resolution: {integrity: sha512-BMhLD/Sw+GbJC21C/UgyaZX41nPt8bUTg+jWyDeg7e7YN4xOM05YPSIXceACnXVtqyEw/LMClUQMtMZ+PGGpqQ==}
    engines: {node: '>=20'}

  whatwg-mimetype@5.0.0:
    resolution: {integrity: sha512-sXcNcHOC51uPGF0P/D4NVtrkjSU2fNsm9iog4ZvZJsL3rjoDAzXZhkm2MWt1y+PUdggKAYVoMAIYcs78wJ51Cw==}
    engines: {node: '>=20'}

  whatwg-url@16.0.1:
    resolution: {integrity: sha512-1to4zXBxmXHV3IiSSEInrreIlu02vUOvrhxJJH5vcxYTBDAx51cqZiKdyTxlecdKNSjj8EcxGBxNf6Vg+945gw==}
    engines: {node: ^20.19.0 || ^22.12.0 || >=24.0.0}

  wrap-ansi@7.0.0:
    resolution: {integrity: sha512-YVGIj2kamLSTxw6NsZjoBxfSwsn0ycdesmc4p+Q21c5zPuZ1pl+NfxVdxPtdHvmNVOQ6XSYG4AUtyt/Fi7D16Q==}
    engines: {node: '>=10'}

  ws@8.21.0:
    resolution: {integrity: sha512-Vsp28b7DRcimFQvrqu2Wek3z1iYxDCWqHYB8Qsnk/S4RfaCQzPGPyBNuVjJV3cd6UiKtUtp6sNM77gWvzcCH+g==}
    engines: {node: '>=10.0.0'}
    peerDependencies:
      bufferutil: ^4.0.1
      utf-8-validate: '>=5.0.2'
    peerDependenciesMeta:
      bufferutil:
        optional: true
      utf-8-validate:
        optional: true

  xml-name-validator@5.0.0:
    resolution: {integrity: sha512-EvGK8EJ3DhaHfbRlETOWAS5pO9MZITeauHKJyb8wyajUfQUenkIg2MvLDTZ4T/TgIcm3HU0TFBgWWboAZ30UHg==}
    engines: {node: '>=18'}

  xmlchars@2.2.0:
    resolution: {integrity: sha512-JZnDKK8B0RCDw84FNdDAIpZK+JuJw+s7Lz8nksI7SIuU3UXJJslUthsi+uWBUYOwPFwW7W7PRLRfUKpxjtjFCw==}

  y18n@5.0.8:
    resolution: {integrity: sha512-0pfFzegeDWJHJIAmTLRP2DwHjdF5s7jo9tuztdQxAhINCdvS+3nGINqPd00AphqJR/0LhANUS6/+7SCb98YOfA==}
    engines: {node: '>=10'}

  yargs-parser@21.1.1:
    resolution: {integrity: sha512-tVpsJW7DdjecAiFpbIB1e3qxIQsE6NoPc5/eTdrbbIC4h0LVsWhnoa3g+m2HclBIujHzsxZ4VJVA+GUuc2/LBw==}
    engines: {node: '>=12'}

  yargs@17.7.2:
    resolution: {integrity: sha512-7dSzzRQ++CKnNI/krKnYRV7JKKPUXMEh61soaHKg9mrWEhzFWhFnxPxGl+69cD1Ou63C13NUPCnmIcrvqCuM6w==}
    engines: {node: '>=12'}

  zod@3.25.76:
    resolution: {integrity: sha512-gzUt/qt81nXsFGKIFcC3YnfEAx5NkunCfnDlvuBSSFS02bcXu4Lmea0AFIUwbLWxWPx3d9p8S5QoaujKcNQxcQ==}

snapshots:

  '@asamuzakjp/css-color@5.1.11':
    dependencies:
      '@asamuzakjp/generational-cache': 1.0.1
      '@csstools/css-calc': 3.2.1(@csstools/css-parser-algorithms@4.0.0(@csstools/css-tokenizer@4.0.0))(@csstools/css-tokenizer@4.0.0)
      '@csstools/css-color-parser': 4.1.1(@csstools/css-parser-algorithms@4.0.0(@csstools/css-tokenizer@4.0.0))(@csstools/css-tokenizer@4.0.0)
      '@csstools/css-parser-algorithms': 4.0.0(@csstools/css-tokenizer@4.0.0)
      '@csstools/css-tokenizer': 4.0.0

  '@asamuzakjp/dom-selector@7.1.1':
    dependencies:
      '@asamuzakjp/generational-cache': 1.0.1
      '@asamuzakjp/nwsapi': 2.3.9
      bidi-js: 1.0.3
      css-tree: 3.2.1
      is-potential-custom-element-name: 1.0.1

  '@asamuzakjp/generational-cache@1.0.1': {}

  '@asamuzakjp/nwsapi@2.3.9': {}

  '@audreylopez/dom-conflict-scout@1.0.2': {}

  '@bramus/specificity@2.4.2':
    dependencies:
      css-tree: 3.2.1

  '@csstools/color-helpers@6.0.2': {}

  '@csstools/css-calc@3.2.1(@csstools/css-parser-algorithms@4.0.0(@csstools/css-tokenizer@4.0.0))(@csstools/css-tokenizer@4.0.0)':
    dependencies:
      '@csstools/css-parser-algorithms': 4.0.0(@csstools/css-tokenizer@4.0.0)
      '@csstools/css-tokenizer': 4.0.0

  '@csstools/css-color-parser@4.1.1(@csstools/css-parser-algorithms@4.0.0(@csstools/css-tokenizer@4.0.0))(@csstools/css-tokenizer@4.0.0)':
    dependencies:
      '@csstools/color-helpers': 6.0.2
      '@csstools/css-calc': 3.2.1(@csstools/css-parser-algorithms@4.0.0(@csstools/css-tokenizer@4.0.0))(@csstools/css-tokenizer@4.0.0)
      '@csstools/css-parser-algorithms': 4.0.0(@csstools/css-tokenizer@4.0.0)
      '@csstools/css-tokenizer': 4.0.0

  '@csstools/css-parser-algorithms@4.0.0(@csstools/css-tokenizer@4.0.0)':
    dependencies:
      '@csstools/css-tokenizer': 4.0.0

  '@csstools/css-syntax-patches-for-csstree@1.1.4(css-tree@3.2.1)':
    optionalDependencies:
      css-tree: 3.2.1

  '@csstools/css-tokenizer@4.0.0': {}

  '@exodus/bytes@1.15.1': {}

  '@puppeteer/browsers@3.0.4':
    dependencies:
      modern-tar: 0.7.6
      yargs: 17.7.2

  ansi-regex@5.0.1: {}

  ansi-styles@4.3.0:
    dependencies:
      color-convert: 2.0.1

  bidi-js@1.0.3:
    dependencies:
      require-from-string: 2.0.2

  chromium-bidi@16.0.1(devtools-protocol@0.0.1624250):
    dependencies:
      devtools-protocol: 0.0.1624250
      mitt: 3.0.1
      zod: 3.25.76

  cliui@8.0.1:
    dependencies:
      string-width: 4.2.3
      strip-ansi: 6.0.1
      wrap-ansi: 7.0.0

  color-convert@2.0.1:
    dependencies:
      color-name: 1.1.4

  color-name@1.1.4: {}

  css-tree@3.2.1:
    dependencies:
      mdn-data: 2.27.1
      source-map-js: 1.2.1

  data-urls@7.0.0:
    dependencies:
      whatwg-mimetype: 5.0.0
      whatwg-url: 16.0.1
    transitivePeerDependencies:
      - '@noble/hashes'

  decimal.js@10.6.0: {}

  devtools-protocol@0.0.1624250: {}

  emoji-regex@8.0.0: {}

  entities@8.0.0: {}

  escalade@3.2.0: {}

  get-caller-file@2.0.5: {}

  html-encoding-sniffer@6.0.0:
    dependencies:
      '@exodus/bytes': 1.15.1
    transitivePeerDependencies:
      - '@noble/hashes'

  is-fullwidth-code-point@3.0.0: {}

  is-potential-custom-element-name@1.0.1: {}

  jsdom@29.1.1:
    dependencies:
      '@asamuzakjp/css-color': 5.1.11
      '@asamuzakjp/dom-selector': 7.1.1
      '@bramus/specificity': 2.4.2
      '@csstools/css-syntax-patches-for-csstree': 1.1.4(css-tree@3.2.1)
      '@exodus/bytes': 1.15.1
      css-tree: 3.2.1
      data-urls: 7.0.0
      decimal.js: 10.6.0
      html-encoding-sniffer: 6.0.0
      is-potential-custom-element-name: 1.0.1
      lru-cache: 11.5.1
      parse5: 8.0.1
      saxes: 6.0.0
      symbol-tree: 3.2.4
      tough-cookie: 6.0.1
      undici: 7.27.0
      w3c-xmlserializer: 5.0.0
      webidl-conversions: 8.0.1
      whatwg-mimetype: 5.0.0
      whatwg-url: 16.0.1
      xml-name-validator: 5.0.0
    transitivePeerDependencies:
      - '@noble/hashes'

  lru-cache@11.5.1: {}

  mdn-data@2.27.1: {}

  mitt@3.0.1: {}

  modern-tar@0.7.6: {}

  parse5@8.0.1:
    dependencies:
      entities: 8.0.0

  punycode@2.3.1: {}

  puppeteer-core@25.1.0:
    dependencies:
      '@puppeteer/browsers': 3.0.4
      chromium-bidi: 16.0.1(devtools-protocol@0.0.1624250)
      devtools-protocol: 0.0.1624250
      typed-query-selector: 2.12.2
      webdriver-bidi-protocol: 0.4.2
      ws: 8.21.0
    transitivePeerDependencies:
      - bufferutil
      - proxy-agent
      - utf-8-validate

  require-directory@2.1.1: {}

  require-from-string@2.0.2: {}

  saxes@6.0.0:
    dependencies:
      xmlchars: 2.2.0

  source-map-js@1.2.1: {}

  string-width@4.2.3:
    dependencies:
      emoji-regex: 8.0.0
      is-fullwidth-code-point: 3.0.0
      strip-ansi: 6.0.1

  strip-ansi@6.0.1:
    dependencies:
      ansi-regex: 5.0.1

  symbol-tree@3.2.4: {}

  tldts-core@7.4.2: {}

  tldts@7.4.2:
    dependencies:
      tldts-core: 7.4.2

  tough-cookie@6.0.1:
    dependencies:
      tldts: 7.4.2

  tr46@6.0.0:
    dependencies:
      punycode: 2.3.1

  typed-query-selector@2.12.2: {}

  undici@7.27.0: {}

  w3c-xmlserializer@5.0.0:
    dependencies:
      xml-name-validator: 5.0.0

  webdriver-bidi-protocol@0.4.2: {}

  webidl-conversions@8.0.1: {}

  whatwg-mimetype@5.0.0: {}

  whatwg-url@16.0.1:
    dependencies:
      '@exodus/bytes': 1.15.1
      tr46: 6.0.0
      webidl-conversions: 8.0.1
    transitivePeerDependencies:
      - '@noble/hashes'

  wrap-ansi@7.0.0:
    dependencies:
      ansi-styles: 4.3.0
      string-width: 4.2.3
      strip-ansi: 6.0.1

  ws@8.21.0: {}

  xml-name-validator@5.0.0: {}

  xmlchars@2.2.0: {}

  y18n@5.0.8: {}

  yargs-parser@21.1.1: {}

  yargs@17.7.2:
    dependencies:
      cliui: 8.0.1
      escalade: 3.2.0
      get-caller-file: 2.0.5
      require-directory: 2.1.1
      string-width: 4.2.3
      y18n: 5.0.8
      yargs-parser: 21.1.1

  zod@3.25.76: {}
